
Microsoft Visual Studio Solution File, Format Version 12.00
# Visual Studio Version 17
VisualStudioVersion = 17.4.33205.214
MinimumVisualStudioVersion = 10.0.40219.1
Project("{FAE04EC0-301F-11D3-BF4B-00C04F79EFBC}") = "ProductArray", "ProductArray.csproj", "{4D06C709-4FA4-4D71-87CB-D4A0CC75B6EB}"
EndProject
Global
	GlobalSection(SolutionConfigurationPlatforms) = preSolution
		Debug|Any CPU = Debug|Any CPU
		Release|Any CPU = Release|Any CPU
	EndGlobalSection
	GlobalSection(ProjectConfigurationPlatforms) = postSolution
		{4D06C709-4FA4-4D71-87CB-D4A0CC75B6EB}.Debug|Any CPU.ActiveCfg = Debug|Any CPU
		{4D06C709-4FA4-4D71-87CB-D4A0CC75B6EB}.Debug|Any CPU.Build.0 = Debug|Any CPU
		{4D06C709-4FA4-4D71-87CB-D4A0CC75B6EB}.Release|Any CPU.ActiveCfg = Release|Any CPU
		{4D06C709-4FA4-4D71-87CB-D4A0CC75B6EB}.Release|Any CPU.Build.0 = Release|Any CPU
	EndGlobalSection
	GlobalSection(SolutionProperties) = preSolution
		HideSolutionNode = FALSE
	EndGlobalSection
	GlobalSection(ExtensibilityGlobals) = postSolution
		SolutionGuid = {44D93EF6-02BD-465F-BC68-5638E6DBB241}
	EndGlobalSection
EndGlobal
